<?xml version="1.0" encoding="utf-8"?>
<Project ToolsVersion="4.0" xmlns="http://schemas.microsoft.com/developer/msbuild/2003">
  <ItemGroup>
    <Filter Include="Source Files">
      <UniqueIdentifier>{4FC737F1-C7A5-4376-A066-2A32D752A2FF}</UniqueIdentifier>
      <Extensions>cpp;c;cc;cxx;def;odl;idl;hpj;bat;asm;asmx</Extensions>
    </Filter>
    <Filter Include="Header Files">
      <UniqueIdentifier>{93995380-89BD-4b04-88EB-625FBE52EBFB}</UniqueIdentifier>
      <Extensions>h;hh;hpp;hxx;hm;inl;inc;xsd</Extensions>
    </Filter>
    <Filter Include="Resource Files">
      <UniqueIdentifier>{67DA6AB6-F800-4c08-8B7A-83BB121AAD01}</UniqueIdentifier>
      <Extensions>rc;ico;cur;bmp;dlg;rc2;rct;bin;rgs;gif;jpg;jpeg;jpe;resx;tiff;tif;png;wav;mfcribbon-ms</Extensions>
    </Filter>
    <Filter Include="Header Files\src">
      <UniqueIdentifier>{8a5f30e6-50a8-49c1-a85c-2bdf637eb1a7}</UniqueIdentifier>
    </Filter>
    <Filter Include="Source Files\src">
      <UniqueIdentifier>{f8fa22f4-de5c-4bd7-a156-6de1da9f6de3}</UniqueIdentifier>
    </Filter>
  </ItemGroup>
  <ItemGroup>
    <ClCompile Include="..\lemon\src\allocator.c">
      <Filter>Source Files\src</Filter>
    </ClCompile>
    <ClCompile Include="..\lemon\src\arena.c">
      <Filter>Source Files\src</Filter>
    </ClCompile>
    <ClCompile Include="..\lemon\src\collector.c">
      <Filter>Source Files\src</Filter>
    </ClCompile>
    <ClCompile Include="..\lemon\src\compiler.c">
      <Filter>Source Files\src</Filter>
    </ClCompile>
    <ClCompile Include="..\lemon\src\extend.c">
      <Filter>Source Files\src</Filter>
    </ClCompile>
    <ClCompile Include="..\lemon\src\generator.c">
      <Filter>Source Files\src</Filter>
    </ClCompile>
    <ClCompile Include="..\lemon\src\hash.c">
      <Filter>Source Files\src</Filter>
    </ClCompile>
    <ClCompile Include="..\lemon\src\input.c">
      <Filter>Source Files\src</Filter>
    </ClCompile>
    <ClCompile Include="..\lemon\src\laccessor.c">
      <Filter>Source Files\src</Filter>
    </ClCompile>
    <ClCompile Include="..\lemon\src\larray.c">
      <Filter>Source Files\src</Filter>
    </ClCompile>
    <ClCompile Include="..\lemon\src\lboolean.c">
      <Filter>Source Files\src</Filter>
    </ClCompile>
    <ClCompile Include="..\lemon\src\lclass.c">
      <Filter>Source Files\src</Filter>
    </ClCompile>
    <ClCompile Include="..\lemon\src\lcontinuation.c">
      <Filter>Source Files\src</Filter>
    </ClCompile>
    <ClCompile Include="..\lemon\src\lcoroutine.c">
      <Filter>Source Files\src</Filter>
    </ClCompile>
    <ClCompile Include="..\lemon\src\ldictionary.c">
      <Filter>Source Files\src</Filter>
    </ClCompile>
    <ClCompile Include="..\lemon\src\lemon.c">
      <Filter>Source Files\src</Filter>
    </ClCompile>
    <ClCompile Include="..\lemon\src\lexception.c">
      <Filter>Source Files\src</Filter>
    </ClCompile>
    <ClCompile Include="..\lemon\src\lexer.c">
      <Filter>Source Files\src</Filter>
    </ClCompile>
    <ClCompile Include="..\lemon\src\lframe.c">
      <Filter>Source Files\src</Filter>
    </ClCompile>
    <ClCompile Include="..\lemon\src\lfunction.c">
      <Filter>Source Files\src</Filter>
    </ClCompile>
    <ClCompile Include="..\lemon\src\linstance.c">
      <Filter>Source Files\src</Filter>
    </ClCompile>
    <ClCompile Include="..\lemon\src\linteger.c">
      <Filter>Source Files\src</Filter>
    </ClCompile>
    <ClCompile Include="..\lemon\src\literator.c">
      <Filter>Source Files\src</Filter>
    </ClCompile>
    <ClCompile Include="..\lemon\src\lkarg.c">
      <Filter>Source Files\src</Filter>
    </ClCompile>
    <ClCompile Include="..\lemon\src\lmodule.c">
      <Filter>Source Files\src</Filter>
    </ClCompile>
    <ClCompile Include="..\lemon\src\lnil.c">
      <Filter>Source Files\src</Filter>
    </ClCompile>
    <ClCompile Include="..\lemon\src\lnumber.c">
      <Filter>Source Files\src</Filter>
    </ClCompile>
    <ClCompile Include="..\lemon\src\lobject.c">
      <Filter>Source Files\src</Filter>
    </ClCompile>
    <ClCompile Include="..\lemon\src\lsentinel.c">
      <Filter>Source Files\src</Filter>
    </ClCompile>
    <ClCompile Include="..\lemon\src\lstring.c">
      <Filter>Source Files\src</Filter>
    </ClCompile>
    <ClCompile Include="..\lemon\src\lsuper.c">
      <Filter>Source Files\src</Filter>
    </ClCompile>
    <ClCompile Include="..\lemon\src\ltable.c">
      <Filter>Source Files\src</Filter>
    </ClCompile>
    <ClCompile Include="..\lemon\src\ltype.c">
      <Filter>Source Files\src</Filter>
    </ClCompile>
    <ClCompile Include="..\lemon\src\lvarg.c">
      <Filter>Source Files\src</Filter>
    </ClCompile>
    <ClCompile Include="..\lemon\src\lvkarg.c">
      <Filter>Source Files\src</Filter>
    </ClCompile>
    <ClCompile Include="..\lemon\src\machine.c">
      <Filter>Source Files\src</Filter>
    </ClCompile>
    <ClCompile Include="..\lemon\src\main.c">
      <Filter>Source Files\src</Filter>
    </ClCompile>
    <ClCompile Include="..\lemon\src\mpool.c">
      <Filter>Source Files\src</Filter>
    </ClCompile>
    <ClCompile Include="..\lemon\src\opcode.c">
      <Filter>Source Files\src</Filter>
    </ClCompile>
    <ClCompile Include="..\lemon\src\parser.c">
      <Filter>Source Files\src</Filter>
    </ClCompile>
    <ClCompile Include="..\lemon\src\peephole.c">
      <Filter>Source Files\src</Filter>
    </ClCompile>
    <ClCompile Include="..\lemon\src\scope.c">
      <Filter>Source Files\src</Filter>
    </ClCompile>
    <ClCompile Include="..\lemon\src\shell.c">
      <Filter>Source Files\src</Filter>
    </ClCompile>
    <ClCompile Include="..\lemon\src\symbol.c">
      <Filter>Source Files\src</Filter>
    </ClCompile>
    <ClCompile Include="..\lemon\src\syntax.c">
      <Filter>Source Files\src</Filter>
    </ClCompile>
    <ClCompile Include="..\lemon\src\table.c">
      <Filter>Source Files\src</Filter>
    </ClCompile>
    <ClCompile Include="..\lemon\src\token.c">
      <Filter>Source Files\src</Filter>
    </ClCompile>
  </ItemGroup>
  <ItemGroup>
    <ClInclude Include="..\lemon\src\allocator.h">
      <Filter>Header Files\src</Filter>
    </ClInclude>
    <ClInclude Include="..\lemon\src\arena.h">
      <Filter>Header Files\src</Filter>
    </ClInclude>
    <ClInclude Include="..\lemon\src\collector.h">
      <Filter>Header Files\src</Filter>
    </ClInclude>
    <ClInclude Include="..\lemon\src\compiler.h">
      <Filter>Header Files\src</Filter>
    </ClInclude>
    <ClInclude Include="..\lemon\src\extend.h">
      <Filter>Header Files\src</Filter>
    </ClInclude>
    <ClInclude Include="..\lemon\src\generator.h">
      <Filter>Header Files\src</Filter>
    </ClInclude>
    <ClInclude Include="..\lemon\src\hash.h">
      <Filter>Header Files\src</Filter>
    </ClInclude>
    <ClInclude Include="..\lemon\src\input.h">
      <Filter>Header Files\src</Filter>
    </ClInclude>
    <ClInclude Include="..\lemon\src\laccessor.h">
      <Filter>Header Files\src</Filter>
    </ClInclude>
    <ClInclude Include="..\lemon\src\larray.h">
      <Filter>Header Files\src</Filter>
    </ClInclude>
    <ClInclude Include="..\lemon\src\lboolean.h">
      <Filter>Header Files\src</Filter>
    </ClInclude>
    <ClInclude Include="..\lemon\src\lclass.h">
      <Filter>Header Files\src</Filter>
    </ClInclude>
    <ClInclude Include="..\lemon\src\lcontinuation.h">
      <Filter>Header Files\src</Filter>
    </ClInclude>
    <ClInclude Include="..\lemon\src\lcoroutine.h">
      <Filter>Header Files\src</Filter>
    </ClInclude>
    <ClInclude Include="..\lemon\src\ldictionary.h">
      <Filter>Header Files\src</Filter>
    </ClInclude>
    <ClInclude Include="..\lemon\src\lemon.h">
      <Filter>Header Files\src</Filter>
    </ClInclude>
    <ClInclude Include="..\lemon\src\lexception.h">
      <Filter>Header Files\src</Filter>
    </ClInclude>
    <ClInclude Include="..\lemon\src\lexer.h">
      <Filter>Header Files\src</Filter>
    </ClInclude>
    <ClInclude Include="..\lemon\src\lframe.h">
      <Filter>Header Files\src</Filter>
    </ClInclude>
    <ClInclude Include="..\lemon\src\lfunction.h">
      <Filter>Header Files\src</Filter>
    </ClInclude>
    <ClInclude Include="..\lemon\src\linstance.h">
      <Filter>Header Files\src</Filter>
    </ClInclude>
    <ClInclude Include="..\lemon\src\linteger.h">
      <Filter>Header Files\src</Filter>
    </ClInclude>
    <ClInclude Include="..\lemon\src\literator.h">
      <Filter>Header Files\src</Filter>
    </ClInclude>
    <ClInclude Include="..\lemon\src\lkarg.h">
      <Filter>Header Files\src</Filter>
    </ClInclude>
    <ClInclude Include="..\lemon\src\lmodule.h">
      <Filter>Header Files\src</Filter>
    </ClInclude>
    <ClInclude Include="..\lemon\src\lnil.h">
      <Filter>Header Files\src</Filter>
    </ClInclude>
    <ClInclude Include="..\lemon\src\lnumber.h">
      <Filter>Header Files\src</Filter>
    </ClInclude>
    <ClInclude Include="..\lemon\src\lobject.h">
      <Filter>Header Files\src</Filter>
    </ClInclude>
    <ClInclude Include="..\lemon\src\lsentinel.h">
      <Filter>Header Files\src</Filter>
    </ClInclude>
    <ClInclude Include="..\lemon\src\lstring.h">
      <Filter>Header Files\src</Filter>
    </ClInclude>
    <ClInclude Include="..\lemon\src\lsuper.h">
      <Filter>Header Files\src</Filter>
    </ClInclude>
    <ClInclude Include="..\lemon\src\ltable.h">
      <Filter>Header Files\src</Filter>
    </ClInclude>
    <ClInclude Include="..\lemon\src\ltype.h">
      <Filter>Header Files\src</Filter>
    </ClInclude>
    <ClInclude Include="..\lemon\src\lvarg.h">
      <Filter>Header Files\src</Filter>
    </ClInclude>
    <ClInclude Include="..\lemon\src\lvkarg.h">
      <Filter>Header Files\src</Filter>
    </ClInclude>
    <ClInclude Include="..\lemon\src\machine.h">
      <Filter>Header Files\src</Filter>
    </ClInclude>
    <ClInclude Include="..\lemon\src\mpool.h">
      <Filter>Header Files\src</Filter>
    </ClInclude>
    <ClInclude Include="..\lemon\src\opcode.h">
      <Filter>Header Files\src</Filter>
    </ClInclude>
    <ClInclude Include="..\lemon\src\parser.h">
      <Filter>Header Files\src</Filter>
    </ClInclude>
    <ClInclude Include="..\lemon\src\peephole.h">
      <Filter>Header Files\src</Filter>
    </ClInclude>
    <ClInclude Include="..\lemon\src\scope.h">
      <Filter>Header Files\src</Filter>
    </ClInclude>
    <ClInclude Include="..\lemon\src\shell.h">
      <Filter>Header Files\src</Filter>
    </ClInclude>
    <ClInclude Include="..\lemon\src\symbol.h">
      <Filter>Header Files\src</Filter>
    </ClInclude>
    <ClInclude Include="..\lemon\src\syntax.h">
      <Filter>Header Files\src</Filter>
    </ClInclude>
    <ClInclude Include="..\lemon\src\table.h">
      <Filter>Header Files\src</Filter>
    </ClInclude>
    <ClInclude Include="..\lemon\src\token.h">
      <Filter>Header Files\src</Filter>
    </ClInclude>
  </ItemGroup>
</Project>